// !$*UTF8*$!
{
	archiveVersion = 1;
	classes = {
	};
	objectVersion = 50;
	objects = {

/* Begin PBXBuildFile section */
		40AAC55E25526ADD009CAAE0 /* AppDelegate.swift in Sources */ = {isa = PBXBuildFile; fileRef = 40AAC55D25526ADD009CAAE0 /* AppDelegate.swift */; };
		40AAC56025526ADD009CAAE0 /* SceneDelegate.swift in Sources */ = {isa = PBXBuildFile; fileRef = 40AAC55F25526ADD009CAAE0 /* SceneDelegate.swift */; };
		40AAC56225526ADD009CAAE0 /* ViewController.swift in Sources */ = {isa = PBXBuildFile; fileRef = 40AAC56125526ADD009CAAE0 /* ViewController.swift */; };
		40AAC56525526ADD009CAAE0 /* Main.storyboard in Resources */ = {isa = PBXBuildFile; fileRef = 40AAC56325526ADD009CAAE0 /* Main.storyboard */; };
		40AAC56725526AE0009CAAE0 /* Assets.xcassets in Resources */ = {isa = PBXBuildFile; fileRef = 40AAC56625526AE0009CAAE0 /* Assets.xcassets */; };
		40AAC56A25526AE0009CAAE0 /* LaunchScreen.storyboard in Resources */ = {isa = PBXBuildFile; fileRef = 40AAC56825526AE0009CAAE0 /* LaunchScreen.storyboard */; };
		F12754DCF278E081CA5E059B /* Pods_StockUpdate.framework in Frameworks */ = {isa = PBXBuildFile; fileRef = 6C95C641C444DBAA326AB459 /* Pods_StockUpdate.framework */; };
/* End PBXBuildFile section */

/* Begin PBXFileReference section */
		40AAC55A25526ADD009CAAE0 /* StockUpdate.app */ = {isa = PBXFileReference; explicitFileType = wrapper.application; includeInIndex = 0; path = StockUpdate.app; sourceTree = BUILT_PRODUCTS_DIR; };
		40AAC55D25526ADD009CAAE0 /* AppDelegate.swift */ = {isa = PBXFileReference; lastKnownFileType = sourcecode.swift; path = AppDelegate.swift; sourceTree = "<group>"; };
		40AAC55F25526ADD009CAAE0 /* SceneDelegate.swift */ = {isa = PBXFileReference; lastKnownFileType = sourcecode.swift; path = SceneDelegate.swift; sourceTree = "<group>"; };
		40AAC56125526ADD009CAAE0 /* ViewController.swift */ = {isa = PBXFileReference; lastKnownFileType = sourcecode.swift; path = ViewController.swift; sourceTree = "<group>"; };
		40AAC56425526ADD009CAAE0 /* Base */ = {isa = PBXFileReference; lastKnownFileType = file.storyboard; name = Base; path = Base.lproj/Main.storyboard; sourceTree = "<group>"; };
		40AAC56625526AE0009CAAE0 /* Assets.xcassets */ = {isa = PBXFileReference; lastKnownFileType = folder.assetcatalog; path = Assets.xcassets; sourceTree = "<group>"; };
		40AAC56925526AE0009CAAE0 /* Base */ = {isa = PBXFileReference; lastKnownFileType = file.storyboard; name = Base; path = Base.lproj/LaunchScreen.storyboard; sourceTree = "<group>"; };
		40AAC56B25526AE0009CAAE0 /* Info.plist */ = {isa = PBXFileReference; lastKnownFileType = text.plist.xml; path = Info.plist; sourceTree = "<group>"; };
		47BCA02C97A90929125C3599 /* Pods-StockUpdate.debug.xcconfig */ = {isa = PBXFileReference; includeInIndex = 1; lastKnownFileType = text.xcconfig; name = "Pods-StockUpdate.debug.xcconfig"; path = "Target Support Files/Pods-StockUpdate/Pods-StockUpdate.debug.xcconfig"; sourceTree = "<group>"; };
		6C95C641C444DBAA326AB459 /* Pods_StockUpdate.framework */ = {isa = PBXFileReference; explicitFileType = wrapper.framework; includeInIndex = 0; path = Pods_StockUpdate.framework; sourceTree = BUILT_PRODUCTS_DIR; };
		F2905F5BFBC87DD4FCA94046 /* Pods-StockUpdate.release.xcconfig */ = {isa = PBXFileReference; includeInIndex = 1; lastKnownFileType = text.xcconfig; name = "Pods-StockUpdate.release.xcconfig"; path = "Target Support Files/Pods-StockUpdate/Pods-StockUpdate.release.xcconfig"; sourceTree = "<group>"; };
/* End PBXFileReference section */

/* Begin PBXFrameworksBuildPhase section */
		40AAC55725526ADD009CAAE0 /* Frameworks */ = {
			isa = PBXFrameworksBuildPhase;
			buildActionMask = 2147483647;
			files = (
				F12754DCF278E081CA5E059B /* Pods_StockUpdate.framework in Frameworks */,
			);
			runOnlyForDeploymentPostprocessing = 0;
		};
/* End PBXFrameworksBuildPhase section */

/* Begin PBXGroup section */
		223DC158B6B412455429366A /* Pods */ = {
			isa = PBXGroup;
			children = (
				47BCA02C97A90929125C3599 /* Pods-StockUpdate.debug.xcconfig */,
				F2905F5BFBC87DD4FCA94046 /* Pods-StockUpdate.release.xcconfig */,
			);
			name = Pods;
			path = Pods;
			sourceTree = "<group>";
		};
		40AAC55125526ADD009CAAE0 = {
			isa = PBXGroup;
			children = (
				40AAC55C25526ADD009CAAE0 /* StockUpdate */,
				40AAC55B25526ADD009CAAE0 /* Products */,
				223DC158B6B412455429366A /* Pods */,
				EF1589C385AD7AA01C7E5485 /* Frameworks */,
			);
			sourceTree = "<group>";
		};
		40AAC55B25526ADD009CAAE0 /* Products */ = {
			isa = PBXGroup;
			children = (
				40AAC55A25526ADD009CAAE0 /* StockUpdate.app */,
			);
			name = Products;
			sourceTree = "<group>";
		};
		40AAC55C25526ADD009CAAE0 /* StockUpdate */ = {
			isa = PBXGroup;
			children = (
				40AAC55D25526ADD009CAAE0 /* AppDelegate.swift */,
				40AAC55F25526ADD009CAAE0 /* SceneDelegate.swift */,
				40AAC56125526ADD009CAAE0 /* ViewController.swift */,
				40AAC56325526ADD009CAAE0 /* Main.storyboard */,
				40AAC56625526AE0009CAAE0 /* Assets.xcassets */,
				40AAC56825526AE0009CAAE0 /* LaunchScreen.storyboard */,
				40AAC56B25526AE0009CAAE0 /* Info.plist */,
			);
			path = StockUpdate;
			sourceTree = "<group>";
		};
		EF1589C385AD7AA01C7E5485 /* Frameworks */ = {
			isa = PBXGroup;
			children = (
				6C95C641C444DBAA326AB459 /* Pods_StockUpdate.framework */,
			);
			name = Frameworks;
			sourceTree = "<group>";
		};
/* End PBXGroup section */

/* Begin PBXNativeTarget section */
		40AAC55925526ADD009CAAE0 /* StockUpdate */ = {
			isa = PBXNativeTarget;
			buildConfigurationList = 40AAC56E25526AE0009CAAE0 /* Build configuration list for PBXNativeTarget "StockUpdate" */;
			buildPhases = (
				D9EE254604F63256C73600AD /* [CP] Check Pods Manifest.lock */,
				40AAC55625526ADD009CAAE0 /* Sources */,
				40AAC55725526ADD009CAAE0 /* Frameworks */,
				40AAC55825526ADD009CAAE0 /* Resources */,
				2217DBA0EFAF372AEB1953CF /* [CP] Embed Pods Frameworks */,
			);
			buildRules = (
			);
			dependencies = (
			);
			name = StockUpdate;
			productName = StockUpdate;
			productReference = 40AAC55A25526ADD009CAAE0 /* StockUpdate.app */;
			productType = "com.apple.product-type.application";
		};
/* End PBXNativeTarget section */

/* Begin PBXProject section */
		40AAC55225526ADD009CAAE0 /* Project object */ = {
			isa = PBXProject;
			attributes = {
				LastSwiftUpdateCheck = 1200;
				LastUpgradeCheck = 1200;
				TargetAttributes = {
					40AAC55925526ADD009CAAE0 = {
						CreatedOnToolsVersion = 12.0.1;
					};
				};
			};
			buildConfigurationList = 40AAC55525526ADD009CAAE0 /* Build configuration list for PBXProject "StockUpdate" */;
			compatibilityVersion = "Xcode 9.3";
			developmentRegion = en;
			hasScannedForEncodings = 0;
			knownRegions = (
				en,
				Base,
			);
			mainGroup = 40AAC55125526ADD009CAAE0;
			productRefGroup = 40AAC55B25526ADD009CAAE0 /* Products */;
			projectDirPath = "";
			projectRoot = "";
			targets = (
				40AAC55925526ADD009CAAE0 /* StockUpdate */,
			);
		};
/* End PBXProject section */

/* Begin PBXResourcesBuildPhase section */
		40AAC55825526ADD009CAAE0 /* Resources */ = {
			isa = PBXResourcesBuildPhase;
			buildActionMask = 2147483647;
			files = (
				40AAC56A25526AE0009CAAE0 /* LaunchScreen.storyboard in Resources */,
				40AAC56725526AE0009CAAE0 /* Assets.xcassets in Resources */,
				40AAC56525526ADD009CAAE0 /* Main.storyboard in Resources */,
			);
			runOnlyForDeploymentPostprocessing = 0;
		};
/* End PBXResourcesBuildPhase section */

/* Begin PBXShellScriptBuildPhase section */
		2217DBA0EFAF372AEB1953CF /* [CP] Embed Pods Frameworks */ = {
			isa = PBXShellScriptBuildPhase;
			buildActionMask = 2147483647;
			files = (
			);
			inputFileListPaths = (
				"${PODS_ROOT}/Target Support Files/Pods-StockUpdate/Pods-StockUpdate-frameworks-${CONFIGURATION}-input-files.xcfilelist",
			);
			name = "[CP] Embed Pods Frameworks";
			outputFileListPaths = (
				"${PODS_ROOT}/Target Support Files/Pods-StockUpdate/Pods-StockUpdate-frameworks-${CONFIGURATION}-output-files.xcfilelist",
			);
			runOnlyForDeploymentPostprocessing = 0;
			shellPath = /bin/sh;
			shellScript = "\"${PODS_ROOT}/Target Support Files/Pods-StockUpdate/Pods-StockUpdate-frameworks.sh\"\n";
			showEnvVarsInLog = 0;
		};
		D9EE254604F63256C73600AD /* [CP] Check Pods Manifest.lock */ = {
			isa = PBXShellScriptBuildPhase;
			buildActionMask = 2147483647;
			files = (
			);
			inputFileListPaths = (
			);
			inputPaths = (
				"${PODS_PODFILE_DIR_PATH}/Podfile.lock",
				"${PODS_ROOT}/Manifest.lock",
			);
			name = "[CP] Check Pods Manifest.lock";
			outputFileListPaths = (
			);
			outputPaths = (
				"$(DERIVED_FILE_DIR)/Pods-StockUpdate-checkManifestLockResult.txt",
			);
			runOnlyForDeploymentPostprocessing = 0;
			shellPath = /bin/sh;
			shellScript = "diff \"${PODS_PODFILE_DIR_PATH}/Podfile.lock\" \"${PODS_ROOT}/Manifest.lock\" > /dev/null\nif [ $? != 0 ] ; then\n    # print error to STDERR\n    echo \"error: The sandbox is not in sync with the Podfile.lock. Run 'pod install' or update your CocoaPods installation.\" >&2\n    exit 1\nfi\n# This output is used by Xcode 'outputs' to avoid re-running this script phase.\necho \"SUCCESS\" > \"${SCRIPT_OUTPUT_FILE_0}\"\n";
			showEnvVarsInLog = 0;
		};
/* End PBXShellScriptBuildPhase section */

/* Begin PBXSourcesBuildPhase section */
		40AAC55625526ADD009CAAE0 /* Sources */ = {
			isa = PBXSourcesBuildPhase;
			buildActionMask = 2147483647;
			files = (
				40AAC56225526ADD009CAAE0 /* ViewController.swift in Sources */,
				40AAC55E25526ADD009CAAE0 /* AppDelegate.swift in Sources */,
				40AAC56025526ADD009CAAE0 /* SceneDelegate.swift in Sources */,
			);
			runOnlyForDeploymentPostprocessing = 0;
		};
/* End PBXSourcesBuildPhase section */

/* Begin PBXVariantGroup section */
		40AAC56325526ADD009CAAE0 /* Main.storyboard */ = {
			isa = PBXVariantGroup;
			children = (
				40AAC56425526ADD009CAAE0 /* Base */,
			);
			name = Main.storyboard;
			sourceTree = "<group>";
		};
		40AAC56825526AE0009CAAE0 /* LaunchScreen.storyboard */ = {
			isa = PBXVariantGroup;
			children = (
				40AAC56925526AE0009CAAE0 /* Base */,
			);
			name = LaunchScreen.storyboard;
			sourceTree = "<group>";
		};
/* End PBXVariantGroup section */

/* Begin XCBuildConfiguration section */
		40AAC56C25526AE0009CAAE0 /* Debug */ = {
			isa = XCBuildConfiguration;
			buildSettings = {
				ALWAYS_SEARCH_USER_PATHS = NO;
				CLANG_ANALYZER_NONNULL = YES;
				CLANG_ANALYZER_NUMBER_OBJECT_CONVERSION = YES_AGGRESSIVE;
				CLANG_CXX_LANGUAGE_STANDARD = "gnu++14";
				CLANG_CXX_LIBRARY = "libc++";
				CLANG_ENABLE_MODULES = YES;
				CLANG_ENABLE_OBJC_ARC = YES;
				CLANG_ENABLE_OBJC_WEAK = YES;
				CLANG_WARN_BLOCK_CAPTURE_AUTORELEASING = YES;
				CLANG_WARN_BOOL_CONVERSION = YES;
				CLANG_WARN_COMMA = YES;
				CLANG_WARN_CONSTANT_CONVERSION = YES;
				CLANG_WARN_DEPRECATED_OBJC_IMPLEMENTATIONS = YES;
				CLANG_WARN_DIRECT_OBJC_ISA_USAGE = YES_ERROR;
				CLANG_WARN_DOCUMENTATION_COMMENTS = YES;
				CLANG_WARN_EMPTY_BODY = YES;
				CLANG_WARN_ENUM_CONVERSION = YES;
				CLANG_WARN_INFINITE_RECURSION = YES;
				CLANG_WARN_INT_CONVERSION = YES;
				CLANG_WARN_NON_LITERAL_NULL_CONVERSION = YES;
				CLANG_WARN_OBJC_IMPLICIT_RETAIN_SELF = YES;
				CLANG_WARN_OBJC_LITERAL_CONVERSION = YES;
				CLANG_WARN_OBJC_ROOT_CLASS = YES_ERROR;
				CLANG_WARN_QUOTED_INCLUDE_IN_FRAMEWORK_HEADER = YES;
				CLANG_WARN_RANGE_LOOP_ANALYSIS = YES;
				CLANG_WARN_STRICT_PROTOTYPES = YES;
				CLANG_WARN_SUSPICIOUS_MOVE = YES;
				CLANG_WARN_UNGUARDED_AVAILABILITY = YES_AGGRESSIVE;
				CLANG_WARN_UNREACHABLE_CODE = YES;
				CLANG_WARN__DUPLICATE_METHOD_MATCH = YES;
				COPY_PHASE_STRIP = NO;
				DEBUG_INFORMATION_FORMAT = dwarf;
				ENABLE_STRICT_OBJC_MSGSEND = YES;
				ENABLE_TESTABILITY = YES;
				GCC_C_LANGUAGE_STANDARD = gnu11;
				GCC_DYNAMIC_NO_PIC = NO;
				GCC_NO_COMMON_BLOCKS = YES;
				GCC_OPTIMIZATION_LEVEL = 0;
				GCC_PREPROCESSOR_DEFINITIONS = (
					"DEBUG=1",
					"$(inherited)",
				);
				GCC_WARN_64_TO_32_BIT_CONVERSION = YES;
				GCC_WARN_ABOUT_RETURN_TYPE = YES_ERROR;
				GCC_WARN_UNDECLARED_SELECTOR = YES;
				GCC_WARN_UNINITIALIZED_AUTOS = YES_AGGRESSIVE;
				GCC_WARN_UNUSED_FUNCTION = YES;
				GCC_WARN_UNUSED_VARIABLE = YES;
				IPHONEOS_DEPLOYMENT_TARGET = 14.0;
				MTL_ENABLE_DEBUG_INFO = INCLUDE_SOURCE;
				MTL_FAST_MATH = YES;
				ONLY_ACTIVE_ARCH = YES;
				SDKROOT = iphoneos;
				SWIFT_ACTIVE_COMPILATION_CONDITIONS = DEBUG;
				SWIFT_OPTIMIZATION_LEVEL = "-Onone";
			};
			name = Debug;
		};
		40AAC56D25526AE0009CAAE0 /* Release */ = {
			isa = XCBuildConfiguration;
			buildSettings = {
				ALWAYS_SEARCH_USER_PATHS = NO;
				CLANG_ANALYZER_NONNULL = YES;
				CLANG_ANALYZER_NUMBER_OBJECT_CONVERSION = YES_AGGRESSIVE;
				CLANG_CXX_LANGUAGE_STANDARD = "gnu++14";
				CLANG_CXX_LIBRARY = "libc++";
				CLANG_ENABLE_MODULES = YES;
				CLANG_ENABLE_OBJC_ARC = YES;
				CLANG_ENABLE_OBJC_WEAK = YES;
				CLANG_WARN_BLOCK_CAPTURE_AUTORELEASING = YES;
				CLANG_WARN_BOOL_CONVERSION = YES;
				CLANG_WARN_COMMA = YES;
				CLANG_WARN_CONSTANT_CONVERSION = YES;
				CLANG_WARN_DEPRECATED_OBJC_IMPLEMENTATIONS = YES;
				CLANG_WARN_DIRECT_OBJC_ISA_USAGE = YES_ERROR;
				CLANG_WARN_DOCUMENTATION_COMMENTS = YES;
				CLANG_WARN_EMPTY_BODY = YES;
				CLANG_WARN_ENUM_CONVERSION = YES;
				CLANG_WARN_INFINITE_RECURSION = YES;
				CLANG_WARN_INT_CONVERSION = YES;
				CLANG_WARN_NON_LITERAL_NULL_CONVERSION = YES;
				CLANG_WARN_OBJC_IMPLICIT_RETAIN_SELF = YES;
				CLANG_WARN_OBJC_LITERAL_CONVERSION = YES;
				CLANG_WARN_OBJC_ROOT_CLASS = YES_ERROR;
				CLANG_WARN_QUOTED_INCLUDE_IN_FRAMEWORK_HEADER = YES;
				CLANG_WARN_RANGE_LOOP_ANALYSIS = YES;
				CLANG_WARN_STRICT_PROTOTYPES = YES;
				CLANG_WARN_SUSPICIOUS_MOVE = YES;
				CLANG_WARN_UNGUARDED_AVAILABILITY = YES_AGGRESSIVE;
				CLANG_WARN_UNREACHABLE_CODE = YES;
				CLANG_WARN__DUPLICATE_METHOD_MATCH = YES;
				COPY_PHASE_STRIP = NO;
				DEBUG_INFORMATION_FORMAT = "dwarf-with-dsym";
				ENABLE_NS_ASSERTIONS = NO;
				ENABLE_STRICT_OBJC_MSGSEND = YES;
				GCC_C_LANGUAGE_STANDARD = gnu11;
				GCC_NO_COMMON_BLOCKS = YES;
				GCC_WARN_64_TO_32_BIT_CONVERSION = YES;
				GCC_WARN_ABOUT_RETURN_TYPE = YES_ERROR;
				GCC_WARN_UNDECLARED_SELECTOR = YES;
				GCC_WARN_UNINITIALIZED_AUTOS = YES_AGGRESSIVE;
				GCC_WARN_UNUSED_FUNCTION = YES;
				GCC_WARN_UNUSED_VARIABLE = YES;
				IPHONEOS_DEPLOYMENT_TARGET = 14.0;
				MTL_ENABLE_DEBUG_INFO = NO;
				MTL_FAST_MATH = YES;
				SDKROOT = iphoneos;
				SWIFT_COMPILATION_MODE = wholemodule;
				SWIFT_OPTIMIZATION_LEVEL = "-O";
				VALIDATE_PRODUCT = YES;
			};
			name = Release;
		};
		40AAC56F25526AE0009CAAE0 /* Debug */ = {
			isa = XCBuildConfiguration;
			baseConfigurationReference = 47BCA02C97A90929125C3599 /* Pods-StockUpdate.debug.xcconfig */;
			buildSettings = {
				ASSETCATALOG_COMPILER_APPICON_NAME = AppIcon;
				ASSETCATALOG_COMPILER_GLOBAL_ACCENT_COLOR_NAME = AccentColor;
				CODE_SIGN_STYLE = Automatic;
				INFOPLIST_FILE = StockUpdate/Info.plist;
				LD_RUNPATH_SEARCH_PATHS = (
					"$(inherited)",
					"@executable_path/Frameworks",
				);
				PRODUCT_BUNDLE_IDENTIFIER = edu.northeastern.lakshmi.StockUpdate;
				PRODUCT_NAME = "$(TARGET_NAME)";
				SWIFT_VERSION = 5.0;
				TARGETED_DEVICE_FAMILY = "1,2";
			};
			name = Debug;
		};
		40AAC57025526AE0009CAAE0 /* Release */ = {
			isa = XCBuildConfiguration;
			baseConfigurationReference = F2905F5BFBC87DD4FCA94046 /* Pods-StockUpdate.release.xcconfig */;
			buildSettings = {
				ASSETCATALOG_COMPILER_APPICON_NAME = AppIcon;
				ASSETCATALOG_COMPILER_GLOBAL_ACCENT_COLOR_NAME = AccentColor;
				CODE_SIGN_STYLE = Automatic;
				INFOPLIST_FILE = StockUpdate/Info.plist;
				LD_RUNPATH_SEARCH_PATHS = (
					"$(inherited)",
					"@executable_path/Frameworks",
				);
				PRODUCT_BUNDLE_IDENTIFIER = edu.northeastern.lakshmi.StockUpdate;
				PRODUCT_NAME = "$(TARGET_NAME)";
				SWIFT_VERSION = 5.0;
				TARGETED_DEVICE_FAMILY = "1,2";
			};
			name = Release;
		};
/* End XCBuildConfiguration section */

/* Begin XCConfigurationList section */
		40AAC55525526ADD009CAAE0 /* Build configuration list for PBXProject "StockUpdate" */ = {
			isa = XCConfigurationList;
			buildConfigurations = (
				40AAC56C25526AE0009CAAE0 /* Debug */,
				40AAC56D25526AE0009CAAE0 /* Release */,
			);
			defaultConfigurationIsVisible = 0;
			defaultConfigurationName = Release;
		};
		40AAC56E25526AE0009CAAE0 /* Build configuration list for PBXNativeTarget "StockUpdate" */ = {
			isa = XCConfigurationList;
			buildConfigurations = (
				40AAC56F25526AE0009CAAE0 /* Debug */,
				40AAC57025526AE0009CAAE0 /* Release */,
			);
			defaultConfigurationIsVisible = 0;
			defaultConfigurationName = Release;
		};
/* End XCConfigurationList section */
	};
	rootObject = 40AAC55225526ADD009CAAE0 /* Project object */;
}
